
Microsoft Visual Studio Solution File, Format Version 12.00
# Visual Studio Version 16
VisualStudioVersion = 16.0.31624.102
MinimumVisualStudioVersion = 10.0.40219.1
Project("{FAE04EC0-301F-11D3-BF4B-00C04F79EFBC}") = "Team3", "Team3.csproj", "{029B3893-161F-4775-9EAB-76382355E8C1}"
EndProject
Global
	GlobalSection(SolutionConfigurationPlatforms) = preSolution
		Debug|Any CPU = Debug|Any CPU
		Release|Any CPU = Release|Any CPU
	EndGlobalSection
	GlobalSection(ProjectConfigurationPlatforms) = postSolution
		{029B3893-161F-4775-9EAB-76382355E8C1}.Debug|Any CPU.ActiveCfg = Debug|Any CPU
		{029B3893-161F-4775-9EAB-76382355E8C1}.Debug|Any CPU.Build.0 = Debug|Any CPU
		{029B3893-161F-4775-9EAB-76382355E8C1}.Release|Any CPU.ActiveCfg = Release|Any CPU
		{029B3893-161F-4775-9EAB-76382355E8C1}.Release|Any CPU.Build.0 = Release|Any CPU
	EndGlobalSection
	GlobalSection(SolutionProperties) = preSolution
		HideSolutionNode = FALSE
	EndGlobalSection
	GlobalSection(ExtensibilityGlobals) = postSolution
		SolutionGuid = {20031A07-E502-4925-ABE5-10203BFB6EE9}
	EndGlobalSection
EndGlobal
